
Microsoft Visual Studio Solution File, Format Version 12.00
# Visual Studio Version 16
VisualStudioVersion = 16.0.32126.315
MinimumVisualStudioVersion = 10.0.40219.1
Project("{2150E333-8FDC-42A3-9474-1A3956D46DE8}") = "1.Console", "1.Console", "{9B8E88AF-F303-4461-B807-20AC7E69B6A4}"
EndProject
Project("{9A19103F-16F7-4668-BE54-9A1E7A4F7556}") = "ConsoleStudy", "1.Console\ConsoleStudy\ConsoleStudy.csproj", "{D6066B4B-D360-4A78-8DEF-0A96666433C8}"
EndProject
Project("{2150E333-8FDC-42A3-9474-1A3956D46DE8}") = "2.Windows", "2.Windows", "{B68EA297-29E2-4F44-8B0B-ED8B65BB285A}"
EndProject
Project("{2150E333-8FDC-42A3-9474-1A3956D46DE8}") = "3.Web", "3.Web", "{4EF3B31B-A5D1-49A9-9CFB-04424A9904FC}"
EndProject
Project("{FAE04EC0-301F-11D3-BF4B-00C04F79EFBC}") = "WebApplicationStudy_WebForm", "3.Web\WebApplicationStudy_WebForm\WebApplicationStudy_WebForm.csproj", "{996818DE-B361-4C06-BA71-A418F384A313}"
EndProject
Project("{9A19103F-16F7-4668-BE54-9A1E7A4F7556}") = "WinFormsStudy", "2.Windows\WinFormsStudy\WinFormsStudy.csproj", "{B3EDEFFA-4120-45E9-8AF9-BAB1A5A28F3E}"
EndProject
Project("{FAE04EC0-301F-11D3-BF4B-00C04F79EFBC}") = "WpfApp1", "2.Windows\WpfApp1\WpfApp1.csproj", "{F745CE36-C8C4-4F3E-9E95-6489FF97088A}"
EndProject
Global
	GlobalSection(SolutionConfigurationPlatforms) = preSolution
		Debug|Any CPU = Debug|Any CPU
		Release|Any CPU = Release|Any CPU
	EndGlobalSection
	GlobalSection(ProjectConfigurationPlatforms) = postSolution
		{D6066B4B-D360-4A78-8DEF-0A96666433C8}.Debug|Any CPU.ActiveCfg = Debug|Any CPU
		{D6066B4B-D360-4A78-8DEF-0A96666433C8}.Debug|Any CPU.Build.0 = Debug|Any CPU
		{D6066B4B-D360-4A78-8DEF-0A96666433C8}.Release|Any CPU.ActiveCfg = Release|Any CPU
		{D6066B4B-D360-4A78-8DEF-0A96666433C8}.Release|Any CPU.Build.0 = Release|Any CPU
		{996818DE-B361-4C06-BA71-A418F384A313}.Debug|Any CPU.ActiveCfg = Debug|Any CPU
		{996818DE-B361-4C06-BA71-A418F384A313}.Debug|Any CPU.Build.0 = Debug|Any CPU
		{996818DE-B361-4C06-BA71-A418F384A313}.Release|Any CPU.ActiveCfg = Release|Any CPU
		{996818DE-B361-4C06-BA71-A418F384A313}.Release|Any CPU.Build.0 = Release|Any CPU
		{B3EDEFFA-4120-45E9-8AF9-BAB1A5A28F3E}.Debug|Any CPU.ActiveCfg = Debug|Any CPU
		{B3EDEFFA-4120-45E9-8AF9-BAB1A5A28F3E}.Debug|Any CPU.Build.0 = Debug|Any CPU
		{B3EDEFFA-4120-45E9-8AF9-BAB1A5A28F3E}.Release|Any CPU.ActiveCfg = Release|Any CPU
		{B3EDEFFA-4120-45E9-8AF9-BAB1A5A28F3E}.Release|Any CPU.Build.0 = Release|Any CPU
		{F745CE36-C8C4-4F3E-9E95-6489FF97088A}.Debug|Any CPU.ActiveCfg = Debug|Any CPU
		{F745CE36-C8C4-4F3E-9E95-6489FF97088A}.Debug|Any CPU.Build.0 = Debug|Any CPU
		{F745CE36-C8C4-4F3E-9E95-6489FF97088A}.Release|Any CPU.ActiveCfg = Release|Any CPU
		{F745CE36-C8C4-4F3E-9E95-6489FF97088A}.Release|Any CPU.Build.0 = Release|Any CPU
	EndGlobalSection
	GlobalSection(SolutionProperties) = preSolution
		HideSolutionNode = FALSE
	EndGlobalSection
	GlobalSection(NestedProjects) = preSolution
		{D6066B4B-D360-4A78-8DEF-0A96666433C8} = {9B8E88AF-F303-4461-B807-20AC7E69B6A4}
		{996818DE-B361-4C06-BA71-A418F384A313} = {4EF3B31B-A5D1-49A9-9CFB-04424A9904FC}
		{B3EDEFFA-4120-45E9-8AF9-BAB1A5A28F3E} = {B68EA297-29E2-4F44-8B0B-ED8B65BB285A}
		{F745CE36-C8C4-4F3E-9E95-6489FF97088A} = {B68EA297-29E2-4F44-8B0B-ED8B65BB285A}
	EndGlobalSection
	GlobalSection(ExtensibilityGlobals) = postSolution
		SolutionGuid = {80391510-F935-4BE2-9586-26BE7DE9C1EE}
	EndGlobalSection
EndGlobal
